Microsoft Visual Studio Solution File, Format Version 12.00
# Visual Studio Version 17
VisualStudioVersion = 17.8.34309.116
MinimumVisualStudioVersion = 10.0.40219.1
Project("{FAE04EC0-301F-11D3-BF4B-00C04F79EFBC}") = "MyApp.Domain", "src\MyApp.Domain\MyApp.Domain.csproj", "{5D8CBFE4-9AF7-4E4D-8935-E5C10C38EB34}"
EndProject
Project("{FAE04EC0-301F-11D3-BF4B-00C04F79EFBC}") = "MyApp.Application", "src\MyApp.Application\MyApp.Application.csproj", "{44CF354D-14F2-4880-AAFE-2665F151BAC4}"
EndProject
Project("{FAE04EC0-301F-11D3-BF4B-00C04F79EFBC}") = "MyApp.Infrastructure", "src\MyApp.Infrastructure\MyApp.Infrastructure.csproj", "{65FD7009-4453-4E4E-A0DA-6EE8E4178F7F}"
EndProject
Project("{FAE04EC0-301F-11D3-BF4B-00C04F79EFBC}") = "MyApp.Host", "src\MyApp.Host\MyApp.Host.csproj", "{CC215F2B-8EEB-4813-8F9C-47E122123F89}"
EndProject
Global
	GlobalSection(SolutionConfigurationPlatforms) = preSolution
		Debug|Any CPU = Debug|Any CPU
		Release|Any CPU = Release|Any CPU
	EndGlobalSection
	GlobalSection(ProjectConfigurationPlatforms) = postSolution
		{5D8CBFE4-9AF7-4E4D-8935-E5C10C38EB34}.Debug|Any CPU.ActiveCfg = Debug|Any CPU
		{5D8CBFE4-9AF7-4E4D-8935-E5C10C38EB34}.Debug|Any CPU.Build.0 = Debug|Any CPU
		{5D8CBFE4-9AF7-4E4D-8935-E5C10C38EB34}.Release|Any CPU.ActiveCfg = Release|Any CPU
		{5D8CBFE4-9AF7-4E4D-8935-E5C10C38EB34}.Release|Any CPU.Build.0 = Release|Any CPU
		{44CF354D-14F2-4880-AAFE-2665F151BAC4}.Debug|Any CPU.ActiveCfg = Debug|Any CPU
		{44CF354D-14F2-4880-AAFE-2665F151BAC4}.Debug|Any CPU.Build.0 = Debug|Any CPU
		{44CF354D-14F2-4880-AAFE-2665F151BAC4}.Release|Any CPU.ActiveCfg = Release|Any CPU
		{44CF354D-14F2-4880-AAFE-2665F151BAC4}.Release|Any CPU.Build.0 = Release|Any CPU
		{65FD7009-4453-4E4E-A0DA-6EE8E4178F7F}.Debug|Any CPU.ActiveCfg = Debug|Any CPU
		{65FD7009-4453-4E4E-A0DA-6EE8E4178F7F}.Debug|Any CPU.Build.0 = Debug|Any CPU
		{65FD7009-4453-4E4E-A0DA-6EE8E4178F7F}.Release|Any CPU.ActiveCfg = Release|Any CPU
		{65FD7009-4453-4E4E-A0DA-6EE8E4178F7F}.Release|Any CPU.Build.0 = Release|Any CPU
		{CC215F2B-8EEB-4813-8F9C-47E122123F89}.Debug|Any CPU.ActiveCfg = Debug|Any CPU
		{CC215F2B-8EEB-4813-8F9C-47E122123F89}.Debug|Any CPU.Build.0 = Debug|Any CPU
		{CC215F2B-8EEB-4813-8F9C-47E122123F89}.Release|Any CPU.ActiveCfg = Release|Any CPU
		{CC215F2B-8EEB-4813-8F9C-47E122123F89}.Release|Any CPU.Build.0 = Release|Any CPU
	EndGlobalSection
	GlobalSection(SolutionProperties) = preSolution
		HideSolutionNode = FALSE
	EndGlobalSection
	GlobalSection(ExtensibilityGlobals) = postSolution
		        SolutionGuid = {FF724E73-238E-4351-B1CA-9D0FBD83B6CF}
		SolutionGuid = {A8376603-8853-4F66-83FD-A88CB21D8A83}
	EndGlobalSection
EndGlobal
